// !$*UTF8*$!
{
	archiveVersion = 1;
	classes = {
	};
	objectVersion = 46;
	objects = {

/* Begin PBXBuildFile section */
		B10821391EE317A500FD4EFE /* AppDelegate.swift in Sources */ = {isa = PBXBuildFile; fileRef = B10821381EE317A500FD4EFE /* AppDelegate.swift */; };
		B108213B1EE317A500FD4EFE /* ViewController.swift in Sources */ = {isa = PBXBuildFile; fileRef = B108213A1EE317A500FD4EFE /* ViewController.swift */; };
		B108213E1EE317A500FD4EFE /* Main.storyboard in Resources */ = {isa = PBXBuildFile; fileRef = B108213C1EE317A500FD4EFE /* Main.storyboard */; };
		B10821401EE317A500FD4EFE /* Assets.xcassets in Resources */ = {isa = PBXBuildFile; fileRef = B108213F1EE317A500FD4EFE /* Assets.xcassets */; };
		B10821431EE317A500FD4EFE /* LaunchScreen.storyboard in Resources */ = {isa = PBXBuildFile; fileRef = B10821411EE317A500FD4EFE /* LaunchScreen.storyboard */; };
		B108214D1EE31A7200FD4EFE /* default-user.png in Resources */ = {isa = PBXBuildFile; fileRef = B108214B1EE31A7200FD4EFE /* default-user.png */; };
		B108215A1EE33EA400FD4EFE /* CustomTextField.swift in Sources */ = {isa = PBXBuildFile; fileRef = B10821591EE33EA400FD4EFE /* CustomTextField.swift */; };
		B1431D841EE4C525008C5007 /* AmsiPro-Black.ttf in Resources */ = {isa = PBXBuildFile; fileRef = B10821501EE3225100FD4EFE /* AmsiPro-Black.ttf */; };
		B1431D851EE4C525008C5007 /* AmsiPro-Bold.ttf in Resources */ = {isa = PBXBuildFile; fileRef = B10821511EE3225100FD4EFE /* AmsiPro-Bold.ttf */; };
		B1431D861EE4C525008C5007 /* AmsiPro-Light.ttf in Resources */ = {isa = PBXBuildFile; fileRef = B10821521EE3225100FD4EFE /* AmsiPro-Light.ttf */; };
		B1431D871EE4C525008C5007 /* AmsiPro-Regular.ttf in Resources */ = {isa = PBXBuildFile; fileRef = B10821531EE3225100FD4EFE /* AmsiPro-Regular.ttf */; };
		B1431D881EE4C525008C5007 /* AmsiPro-SemiBold.ttf in Resources */ = {isa = PBXBuildFile; fileRef = B10821541EE3225100FD4EFE /* AmsiPro-SemiBold.ttf */; };
		B1431D891EE4C525008C5007 /* AmsiPro-Ultra.ttf in Resources */ = {isa = PBXBuildFile; fileRef = B10821551EE3225100FD4EFE /* AmsiPro-Ultra.ttf */; };
		B1431D8A1EE4C525008C5007 /* AmsiPro-XLight.ttf in Resources */ = {isa = PBXBuildFile; fileRef = B10821561EE3225100FD4EFE /* AmsiPro-XLight.ttf */; };
		B1431D8C1EE4C87C008C5007 /* CustomButton.swift in Sources */ = {isa = PBXBuildFile; fileRef = B1431D8B1EE4C87C008C5007 /* CustomButton.swift */; };
		B15416DE1EE5F673009F4AFB /* top-background.png in Resources */ = {isa = PBXBuildFile; fileRef = B15416DD1EE5F673009F4AFB /* top-background.png */; };
/* End PBXBuildFile section */

/* Begin PBXFileReference section */
		B10821351EE317A500FD4EFE /* Contacts.app */ = {isa = PBXFileReference; explicitFileType = wrapper.application; includeInIndex = 0; path = Contacts.app; sourceTree = BUILT_PRODUCTS_DIR; };
		B10821381EE317A500FD4EFE /* AppDelegate.swift */ = {isa = PBXFileReference; lastKnownFileType = sourcecode.swift; path = AppDelegate.swift; sourceTree = "<group>"; };
		B108213A1EE317A500FD4EFE /* ViewController.swift */ = {isa = PBXFileReference; lastKnownFileType = sourcecode.swift; path = ViewController.swift; sourceTree = "<group>"; };
		B108213D1EE317A500FD4EFE /* Base */ = {isa = PBXFileReference; lastKnownFileType = file.storyboard; name = Base; path = Base.lproj/Main.storyboard; sourceTree = "<group>"; };
		B108213F1EE317A500FD4EFE /* Assets.xcassets */ = {isa = PBXFileReference; lastKnownFileType = folder.assetcatalog; path = Assets.xcassets; sourceTree = "<group>"; };
		B10821421EE317A500FD4EFE /* Base */ = {isa = PBXFileReference; lastKnownFileType = file.storyboard; name = Base; path = Base.lproj/LaunchScreen.storyboard; sourceTree = "<group>"; };
		B10821441EE317A500FD4EFE /* Info.plist */ = {isa = PBXFileReference; lastKnownFileType = text.plist.xml; path = Info.plist; sourceTree = "<group>"; };
		B108214B1EE31A7200FD4EFE /* default-user.png */ = {isa = PBXFileReference; lastKnownFileType = image.png; path = "default-user.png"; sourceTree = "<group>"; };
		B10821501EE3225100FD4EFE /* AmsiPro-Black.ttf */ = {isa = PBXFileReference; lastKnownFileType = file; path = "AmsiPro-Black.ttf"; sourceTree = "<group>"; };
		B10821511EE3225100FD4EFE /* AmsiPro-Bold.ttf */ = {isa = PBXFileReference; lastKnownFileType = file; path = "AmsiPro-Bold.ttf"; sourceTree = "<group>"; };
		B10821521EE3225100FD4EFE /* AmsiPro-Light.ttf */ = {isa = PBXFileReference; lastKnownFileType = file; path = "AmsiPro-Light.ttf"; sourceTree = "<group>"; };
		B10821531EE3225100FD4EFE /* AmsiPro-Regular.ttf */ = {isa = PBXFileReference; lastKnownFileType = file; path = "AmsiPro-Regular.ttf"; sourceTree = "<group>"; };
		B10821541EE3225100FD4EFE /* AmsiPro-SemiBold.ttf */ = {isa = PBXFileReference; lastKnownFileType = file; path = "AmsiPro-SemiBold.ttf"; sourceTree = "<group>"; };
		B10821551EE3225100FD4EFE /* AmsiPro-Ultra.ttf */ = {isa = PBXFileReference; lastKnownFileType = file; path = "AmsiPro-Ultra.ttf"; sourceTree = "<group>"; };
		B10821561EE3225100FD4EFE /* AmsiPro-XLight.ttf */ = {isa = PBXFileReference; lastKnownFileType = file; path = "AmsiPro-XLight.ttf"; sourceTree = "<group>"; };
		B10821591EE33EA400FD4EFE /* CustomTextField.swift */ = {isa = PBXFileReference; fileEncoding = 4; lastKnownFileType = sourcecode.swift; path = CustomTextField.swift; sourceTree = "<group>"; };
		B1431D8B1EE4C87C008C5007 /* CustomButton.swift */ = {isa = PBXFileReference; fileEncoding = 4; lastKnownFileType = sourcecode.swift; path = CustomButton.swift; sourceTree = "<group>"; };
		B15416DD1EE5F673009F4AFB /* top-background.png */ = {isa = PBXFileReference; lastKnownFileType = image.png; path = "top-background.png"; sourceTree = "<group>"; };
/* End PBXFileReference section */

/* Begin PBXFrameworksBuildPhase section */
		B10821321EE317A400FD4EFE /* Frameworks */ = {
			isa = PBXFrameworksBuildPhase;
			buildActionMask = 2147483647;
			files = (
			);
			runOnlyForDeploymentPostprocessing = 0;
		};
/* End PBXFrameworksBuildPhase section */

/* Begin PBXGroup section */
		B108212C1EE317A400FD4EFE = {
			isa = PBXGroup;
			children = (
				B10821371EE317A500FD4EFE /* Contacts */,
				B10821361EE317A500FD4EFE /* Products */,
			);
			sourceTree = "<group>";
		};
		B10821361EE317A500FD4EFE /* Products */ = {
			isa = PBXGroup;
			children = (
				B10821351EE317A500FD4EFE /* Contacts.app */,
			);
			name = Products;
			sourceTree = "<group>";
		};
		B10821371EE317A500FD4EFE /* Contacts */ = {
			isa = PBXGroup;
			children = (
				B108214F1EE31B0000FD4EFE /* Fonts */,
				B108214A1EE31A4000FD4EFE /* Images */,
				B10821381EE317A500FD4EFE /* AppDelegate.swift */,
				B10821591EE33EA400FD4EFE /* CustomTextField.swift */,
				B1431D8B1EE4C87C008C5007 /* CustomButton.swift */,
				B108213A1EE317A500FD4EFE /* ViewController.swift */,
				B108213C1EE317A500FD4EFE /* Main.storyboard */,
				B108213F1EE317A500FD4EFE /* Assets.xcassets */,
				B10821411EE317A500FD4EFE /* LaunchScreen.storyboard */,
				B10821441EE317A500FD4EFE /* Info.plist */,
			);
			path = Contacts;
			sourceTree = "<group>";
		};
		B108214A1EE31A4000FD4EFE /* Images */ = {
			isa = PBXGroup;
			children = (
				B15416DD1EE5F673009F4AFB /* top-background.png */,
				B108214B1EE31A7200FD4EFE /* default-user.png */,
			);
			name = Images;
			sourceTree = "<group>";
		};
		B108214F1EE31B0000FD4EFE /* Fonts */ = {
			isa = PBXGroup;
			children = (
				B10821501EE3225100FD4EFE /* AmsiPro-Black.ttf */,
				B10821511EE3225100FD4EFE /* AmsiPro-Bold.ttf */,
				B10821521EE3225100FD4EFE /* AmsiPro-Light.ttf */,
				B10821531EE3225100FD4EFE /* AmsiPro-Regular.ttf */,
				B10821541EE3225100FD4EFE /* AmsiPro-SemiBold.ttf */,
				B10821551EE3225100FD4EFE /* AmsiPro-Ultra.ttf */,
				B10821561EE3225100FD4EFE /* AmsiPro-XLight.ttf */,
			);
			name = Fonts;
			sourceTree = "<group>";
		};
/* End PBXGroup section */

/* Begin PBXNativeTarget section */
		B10821341EE317A400FD4EFE /* Contacts */ = {
			isa = PBXNativeTarget;
			buildConfigurationList = B10821471EE317A500FD4EFE /* Build configuration list for PBXNativeTarget "Contacts" */;
			buildPhases = (
				B10821311EE317A400FD4EFE /* Sources */,
				B10821321EE317A400FD4EFE /* Frameworks */,
				B10821331EE317A400FD4EFE /* Resources */,
			);
			buildRules = (
			);
			dependencies = (
			);
			name = Contacts;
			productName = "Contact List";
			productReference = B10821351EE317A500FD4EFE /* Contacts.app */;
			productType = "com.apple.product-type.application";
		};
/* End PBXNativeTarget section */

/* Begin PBXProject section */
		B108212D1EE317A400FD4EFE /* Project object */ = {
			isa = PBXProject;
			attributes = {
				LastSwiftUpdateCheck = 0830;
				LastUpgradeCheck = 0830;
				ORGANIZATIONNAME = "Bruno Campos";
				TargetAttributes = {
					B10821341EE317A400FD4EFE = {
						CreatedOnToolsVersion = 8.3.2;
						LastSwiftMigration = 0830;
						ProvisioningStyle = Automatic;
					};
				};
			};
			buildConfigurationList = B10821301EE317A400FD4EFE /* Build configuration list for PBXProject "Contacts" */;
			compatibilityVersion = "Xcode 3.2";
			developmentRegion = English;
			hasScannedForEncodings = 0;
			knownRegions = (
				en,
				Base,
			);
			mainGroup = B108212C1EE317A400FD4EFE;
			productRefGroup = B10821361EE317A500FD4EFE /* Products */;
			projectDirPath = "";
			projectRoot = "";
			targets = (
				B10821341EE317A400FD4EFE /* Contacts */,
			);
		};
/* End PBXProject section */

/* Begin PBXResourcesBuildPhase section */
		B10821331EE317A400FD4EFE /* Resources */ = {
			isa = PBXResourcesBuildPhase;
			buildActionMask = 2147483647;
			files = (
				B1431D841EE4C525008C5007 /* AmsiPro-Black.ttf in Resources */,
				B15416DE1EE5F673009F4AFB /* top-background.png in Resources */,
				B1431D851EE4C525008C5007 /* AmsiPro-Bold.ttf in Resources */,
				B1431D861EE4C525008C5007 /* AmsiPro-Light.ttf in Resources */,
				B1431D871EE4C525008C5007 /* AmsiPro-Regular.ttf in Resources */,
				B1431D881EE4C525008C5007 /* AmsiPro-SemiBold.ttf in Resources */,
				B1431D891EE4C525008C5007 /* AmsiPro-Ultra.ttf in Resources */,
				B1431D8A1EE4C525008C5007 /* AmsiPro-XLight.ttf in Resources */,
				B108214D1EE31A7200FD4EFE /* default-user.png in Resources */,
				B10821431EE317A500FD4EFE /* LaunchScreen.storyboard in Resources */,
				B10821401EE317A500FD4EFE /* Assets.xcassets in Resources */,
				B108213E1EE317A500FD4EFE /* Main.storyboard in Resources */,
			);
			runOnlyForDeploymentPostprocessing = 0;
		};
/* End PBXResourcesBuildPhase section */

/* Begin PBXSourcesBuildPhase section */
		B10821311EE317A400FD4EFE /* Sources */ = {
			isa = PBXSourcesBuildPhase;
			buildActionMask = 2147483647;
			files = (
				B1431D8C1EE4C87C008C5007 /* CustomButton.swift in Sources */,
				B108215A1EE33EA400FD4EFE /* CustomTextField.swift in Sources */,
				B108213B1EE317A500FD4EFE /* ViewController.swift in Sources */,
				B10821391EE317A500FD4EFE /* AppDelegate.swift in Sources */,
			);
			runOnlyForDeploymentPostprocessing = 0;
		};
/* End PBXSourcesBuildPhase section */

/* Begin PBXVariantGroup section */
		B108213C1EE317A500FD4EFE /* Main.storyboard */ = {
			isa = PBXVariantGroup;
			children = (
				B108213D1EE317A500FD4EFE /* Base */,
			);
			name = Main.storyboard;
			sourceTree = "<group>";
		};
		B10821411EE317A500FD4EFE /* LaunchScreen.storyboard */ = {
			isa = PBXVariantGroup;
			children = (
				B10821421EE317A500FD4EFE /* Base */,
			);
			name = LaunchScreen.storyboard;
			sourceTree = "<group>";
		};
/* End PBXVariantGroup section */

/* Begin XCBuildConfiguration section */
		B10821451EE317A500FD4EFE /* Debug */ = {
			isa = XCBuildConfiguration;
			buildSettings = {
				ALWAYS_SEARCH_USER_PATHS = NO;
				CLANG_ANALYZER_NONNULL = YES;
				CLANG_ANALYZER_NUMBER_OBJECT_CONVERSION = YES_AGGRESSIVE;
				CLANG_CXX_LANGUAGE_STANDARD = "gnu++0x";
				CLANG_CXX_LIBRARY = "libc++";
				CLANG_ENABLE_MODULES = YES;
				CLANG_ENABLE_OBJC_ARC = YES;
				CLANG_WARN_BOOL_CONVERSION = YES;
				CLANG_WARN_CONSTANT_CONVERSION = YES;
				CLANG_WARN_DIRECT_OBJC_ISA_USAGE = YES_ERROR;
				CLANG_WARN_DOCUMENTATION_COMMENTS = YES;
				CLANG_WARN_EMPTY_BODY = YES;
				CLANG_WARN_ENUM_CONVERSION = YES;
				CLANG_WARN_INFINITE_RECURSION = YES;
				CLANG_WARN_INT_CONVERSION = YES;
				CLANG_WARN_OBJC_ROOT_CLASS = YES_ERROR;
				CLANG_WARN_SUSPICIOUS_MOVE = YES;
				CLANG_WARN_UNREACHABLE_CODE = YES;
				CLANG_WARN__DUPLICATE_METHOD_MATCH = YES;
				"CODE_SIGN_IDENTITY[sdk=iphoneos*]" = "iPhone Developer";
				COPY_PHASE_STRIP = NO;
				DEBUG_INFORMATION_FORMAT = dwarf;
				ENABLE_STRICT_OBJC_MSGSEND = YES;
				ENABLE_TESTABILITY = YES;
				GCC_C_LANGUAGE_STANDARD = gnu99;
				GCC_DYNAMIC_NO_PIC = NO;
				GCC_NO_COMMON_BLOCKS = YES;
				GCC_OPTIMIZATION_LEVEL = 0;
				GCC_PREPROCESSOR_DEFINITIONS = (
					"DEBUG=1",
					"$(inherited)",
				);
				GCC_WARN_64_TO_32_BIT_CONVERSION = YES;
				GCC_WARN_ABOUT_RETURN_TYPE = YES_ERROR;
				GCC_WARN_UNDECLARED_SELECTOR = YES;
				GCC_WARN_UNINITIALIZED_AUTOS = YES_AGGRESSIVE;
				GCC_WARN_UNUSED_FUNCTION = YES;
				GCC_WARN_UNUSED_VARIABLE = YES;
				IPHONEOS_DEPLOYMENT_TARGET = 10.3;
				MTL_ENABLE_DEBUG_INFO = YES;
				ONLY_ACTIVE_ARCH = YES;
				SDKROOT = iphoneos;
				SWIFT_ACTIVE_COMPILATION_CONDITIONS = DEBUG;
				SWIFT_OPTIMIZATION_LEVEL = "-Onone";
			};
			name = Debug;
		};
		B10821461EE317A500FD4EFE /* Release */ = {
			isa = XCBuildConfiguration;
			buildSettings = {
				ALWAYS_SEARCH_USER_PATHS = NO;
				CLANG_ANALYZER_NONNULL = YES;
				CLANG_ANALYZER_NUMBER_OBJECT_CONVERSION = YES_AGGRESSIVE;
				CLANG_CXX_LANGUAGE_STANDARD = "gnu++0x";
				CLANG_CXX_LIBRARY = "libc++";
				CLANG_ENABLE_MODULES = YES;
				CLANG_ENABLE_OBJC_ARC = YES;
				CLANG_WARN_BOOL_CONVERSION = YES;
				CLANG_WARN_CONSTANT_CONVERSION = YES;
				CLANG_WARN_DIRECT_OBJC_ISA_USAGE = YES_ERROR;
				CLANG_WARN_DOCUMENTATION_COMMENTS = YES;
				CLANG_WARN_EMPTY_BODY = YES;
				CLANG_WARN_ENUM_CONVERSION = YES;
				CLANG_WARN_INFINITE_RECURSION = YES;
				CLANG_WARN_INT_CONVERSION = YES;
				CLANG_WARN_OBJC_ROOT_CLASS = YES_ERROR;
				CLANG_WARN_SUSPICIOUS_MOVE = YES;
				CLANG_WARN_UNREACHABLE_CODE = YES;
				CLANG_WARN__DUPLICATE_METHOD_MATCH = YES;
				"CODE_SIGN_IDENTITY[sdk=iphoneos*]" = "iPhone Developer";
				COPY_PHASE_STRIP = NO;
				DEBUG_INFORMATION_FORMAT = "dwarf-with-dsym";
				ENABLE_NS_ASSERTIONS = NO;
				ENABLE_STRICT_OBJC_MSGSEND = YES;
				GCC_C_LANGUAGE_STANDARD = gnu99;
				GCC_NO_COMMON_BLOCKS = YES;
				GCC_WARN_64_TO_32_BIT_CONVERSION = YES;
				GCC_WARN_ABOUT_RETURN_TYPE = YES_ERROR;
				GCC_WARN_UNDECLARED_SELECTOR = YES;
				GCC_WARN_UNINITIALIZED_AUTOS = YES_AGGRESSIVE;
				GCC_WARN_UNUSED_FUNCTION = YES;
				GCC_WARN_UNUSED_VARIABLE = YES;
				IPHONEOS_DEPLOYMENT_TARGET = 10.3;
				MTL_ENABLE_DEBUG_INFO = NO;
				SDKROOT = iphoneos;
				SWIFT_OPTIMIZATION_LEVEL = "-Owholemodule";
				VALIDATE_PRODUCT = YES;
			};
			name = Release;
		};
		B10821481EE317A500FD4EFE /* Debug */ = {
			isa = XCBuildConfiguration;
			buildSettings = {
				ASSETCATALOG_COMPILER_APPICON_NAME = AppIcon;
				INFOPLIST_FILE = Contacts/Info.plist;
				LD_RUNPATH_SEARCH_PATHS = "$(inherited) @executable_path/Frameworks";
				PRODUCT_BUNDLE_IDENTIFIER = com.brunocampos.contacts;
				PRODUCT_NAME = "$(TARGET_NAME)";
				SWIFT_VERSION = 3.0;
			};
			name = Debug;
		};
		B10821491EE317A500FD4EFE /* Release */ = {
			isa = XCBuildConfiguration;
			buildSettings = {
				ASSETCATALOG_COMPILER_APPICON_NAME = AppIcon;
				INFOPLIST_FILE = Contacts/Info.plist;
				LD_RUNPATH_SEARCH_PATHS = "$(inherited) @executable_path/Frameworks";
				PRODUCT_BUNDLE_IDENTIFIER = com.brunocampos.contacts;
				PRODUCT_NAME = "$(TARGET_NAME)";
				SWIFT_VERSION = 3.0;
			};
			name = Release;
		};
/* End XCBuildConfiguration section */

/* Begin XCConfigurationList section */
		B10821301EE317A400FD4EFE /* Build configuration list for PBXProject "Contacts" */ = {
			isa = XCConfigurationList;
			buildConfigurations = (
				B10821451EE317A500FD4EFE /* Debug */,
				B10821461EE317A500FD4EFE /* Release */,
			);
			defaultConfigurationIsVisible = 0;
			defaultConfigurationName = Release;
		};
		B10821471EE317A500FD4EFE /* Build configuration list for PBXNativeTarget "Contacts" */ = {
			isa = XCConfigurationList;
			buildConfigurations = (
				B10821481EE317A500FD4EFE /* Debug */,
				B10821491EE317A500FD4EFE /* Release */,
			);
			defaultConfigurationIsVisible = 0;
			defaultConfigurationName = Release;
		};
/* End XCConfigurationList section */
	};
	rootObject = B108212D1EE317A400FD4EFE /* Project object */;
}
